// !$*UTF8*$!
{
	archiveVersion = 1;
	classes = {
	};
	objectVersion = 46;
	objects = {

/* Begin PBXBuildFile section */
		07434D9C1F0C1D61007E5502 /* AppDelegate.swift in Sources */ = {isa = PBXBuildFile; fileRef = 07434D9B1F0C1D61007E5502 /* AppDelegate.swift */; };
		07434D9E1F0C1D61007E5502 /* ViewController.swift in Sources */ = {isa = PBXBuildFile; fileRef = 07434D9D1F0C1D61007E5502 /* ViewController.swift */; };
		07434DA31F0C1D61007E5502 /* Assets.xcassets in Resources */ = {isa = PBXBuildFile; fileRef = 07434DA21F0C1D61007E5502 /* Assets.xcassets */; };
		166EA8600FA3EEEF21884857 /* Pods_MakeAPoll.framework in Frameworks */ = {isa = PBXBuildFile; fileRef = 181A630F3FF300CDF6C227F9 /* Pods_MakeAPoll.framework */; };
		B61A95DC1F0DF0C1008E6431 /* ManageAccountViewController.swift in Sources */ = {isa = PBXBuildFile; fileRef = B61A95DA1F0DF0C1008E6431 /* ManageAccountViewController.swift */; };
		B61A95DD1F0DF0C1008E6431 /* HomeViewController.swift in Sources */ = {isa = PBXBuildFile; fileRef = B61A95DB1F0DF0C1008E6431 /* HomeViewController.swift */; };
		B61A95DF1F0DF396008E6431 /* AdSupport.framework in Frameworks */ = {isa = PBXBuildFile; fileRef = B61A95DE1F0DF396008E6431 /* AdSupport.framework */; };
		B61A95E11F0DFC94008E6431 /* Login.storyboard in Resources */ = {isa = PBXBuildFile; fileRef = B61A95E01F0DFC94008E6431 /* Login.storyboard */; };
		B61A95E31F0DFD5E008E6431 /* iAd.framework in Frameworks */ = {isa = PBXBuildFile; fileRef = B61A95E21F0DFD5E008E6431 /* iAd.framework */; };
		B6B68C951F0D680300BFA56E /* Main.storyboard in Resources */ = {isa = PBXBuildFile; fileRef = B6B68C941F0D680300BFA56E /* Main.storyboard */; };
		B6B68CB91F0D953100BFA56E /* RealLoginViewController.swift in Sources */ = {isa = PBXBuildFile; fileRef = B6B68CB61F0D953100BFA56E /* RealLoginViewController.swift */; };
		B6C31DFA1F0DDFBB00189B2E /* LaunchScreen.storyboard in Resources */ = {isa = PBXBuildFile; fileRef = B6C31DF91F0DDFBB00189B2E /* LaunchScreen.storyboard */; };
		B6C31E021F0DEFDB00189B2E /* GoogleService-Info.plist in Resources */ = {isa = PBXBuildFile; fileRef = B6C31E011F0DEFDB00189B2E /* GoogleService-Info.plist */; };
/* End PBXBuildFile section */

/* Begin PBXFileReference section */
		07434D981F0C1D61007E5502 /* MakeAPoll.app */ = {isa = PBXFileReference; explicitFileType = wrapper.application; includeInIndex = 0; path = MakeAPoll.app; sourceTree = BUILT_PRODUCTS_DIR; };
		07434D9B1F0C1D61007E5502 /* AppDelegate.swift */ = {isa = PBXFileReference; lastKnownFileType = sourcecode.swift; path = AppDelegate.swift; sourceTree = "<group>"; };
		07434D9D1F0C1D61007E5502 /* ViewController.swift */ = {isa = PBXFileReference; lastKnownFileType = sourcecode.swift; name = ViewController.swift; path = MakeAPoll/ViewController.swift; sourceTree = "<group>"; };
		07434DA21F0C1D61007E5502 /* Assets.xcassets */ = {isa = PBXFileReference; lastKnownFileType = folder.assetcatalog; path = Assets.xcassets; sourceTree = "<group>"; };
		07434DA71F0C1D61007E5502 /* Info.plist */ = {isa = PBXFileReference; lastKnownFileType = text.plist.xml; path = Info.plist; sourceTree = "<group>"; };
		181A630F3FF300CDF6C227F9 /* Pods_MakeAPoll.framework */ = {isa = PBXFileReference; explicitFileType = wrapper.framework; includeInIndex = 0; path = Pods_MakeAPoll.framework; sourceTree = BUILT_PRODUCTS_DIR; };
		2D0DC673A80A4260B48A4A3A /* Pods-MakeAPoll.debug.xcconfig */ = {isa = PBXFileReference; includeInIndex = 1; lastKnownFileType = text.xcconfig; name = "Pods-MakeAPoll.debug.xcconfig"; path = "Pods/Target Support Files/Pods-MakeAPoll/Pods-MakeAPoll.debug.xcconfig"; sourceTree = "<group>"; };
		6DA6B24DDBBBFCBB2F953C7B /* Pods-MakeAPoll.release.xcconfig */ = {isa = PBXFileReference; includeInIndex = 1; lastKnownFileType = text.xcconfig; name = "Pods-MakeAPoll.release.xcconfig"; path = "Pods/Target Support Files/Pods-MakeAPoll/Pods-MakeAPoll.release.xcconfig"; sourceTree = "<group>"; };
		B61A95DA1F0DF0C1008E6431 /* ManageAccountViewController.swift */ = {isa = PBXFileReference; fileEncoding = 4; lastKnownFileType = sourcecode.swift; name = ManageAccountViewController.swift; path = MakeAPoll/ManageAccountViewController.swift; sourceTree = "<group>"; };
		B61A95DB1F0DF0C1008E6431 /* HomeViewController.swift */ = {isa = PBXFileReference; fileEncoding = 4; lastKnownFileType = sourcecode.swift; name = HomeViewController.swift; path = MakeAPoll/HomeViewController.swift; sourceTree = "<group>"; };
		B61A95DE1F0DF396008E6431 /* AdSupport.framework */ = {isa = PBXFileReference; lastKnownFileType = wrapper.framework; name = AdSupport.framework; path = System/Library/Frameworks/AdSupport.framework; sourceTree = SDKROOT; };
		B61A95E01F0DFC94008E6431 /* Login.storyboard */ = {isa = PBXFileReference; fileEncoding = 4; lastKnownFileType = file.storyboard; path = Login.storyboard; sourceTree = "<group>"; };
		B61A95E21F0DFD5E008E6431 /* iAd.framework */ = {isa = PBXFileReference; lastKnownFileType = wrapper.framework; name = iAd.framework; path = System/Library/Frameworks/iAd.framework; sourceTree = SDKROOT; };
		B6B68C941F0D680300BFA56E /* Main.storyboard */ = {isa = PBXFileReference; fileEncoding = 4; lastKnownFileType = file.storyboard; path = Main.storyboard; sourceTree = "<group>"; };
		B6B68CB61F0D953100BFA56E /* RealLoginViewController.swift */ = {isa = PBXFileReference; fileEncoding = 4; lastKnownFileType = sourcecode.swift; name = RealLoginViewController.swift; path = MakeAPoll/RealLoginViewController.swift; sourceTree = "<group>"; };
		B6C31DF91F0DDFBB00189B2E /* LaunchScreen.storyboard */ = {isa = PBXFileReference; fileEncoding = 4; lastKnownFileType = file.storyboard; path = LaunchScreen.storyboard; sourceTree = "<group>"; };
		B6C31E011F0DEFDB00189B2E /* GoogleService-Info.plist */ = {isa = PBXFileReference; fileEncoding = 4; lastKnownFileType = text.plist.xml; path = "GoogleService-Info.plist"; sourceTree = "<group>"; };
/* End PBXFileReference section */

/* Begin PBXFrameworksBuildPhase section */
		07434D951F0C1D61007E5502 /* Frameworks */ = {
			isa = PBXFrameworksBuildPhase;
			buildActionMask = 2147483647;
			files = (
				B61A95E31F0DFD5E008E6431 /* iAd.framework in Frameworks */,
				B61A95DF1F0DF396008E6431 /* AdSupport.framework in Frameworks */,
				166EA8600FA3EEEF21884857 /* Pods_MakeAPoll.framework in Frameworks */,
			);
			runOnlyForDeploymentPostprocessing = 0;
		};
/* End PBXFrameworksBuildPhase section */

/* Begin PBXGroup section */
		07434D8F1F0C1D61007E5502 = {
			isa = PBXGroup;
			children = (
				07434D9A1F0C1D61007E5502 /* MakeAPoll */,
				07434D991F0C1D61007E5502 /* Products */,
				4EE7E888B12F38EEC771D91D /* Pods */,
				B4B1FC40D95EB00A1C7561C1 /* Frameworks */,
			);
			sourceTree = "<group>";
		};
		07434D991F0C1D61007E5502 /* Products */ = {
			isa = PBXGroup;
			children = (
				07434D981F0C1D61007E5502 /* MakeAPoll.app */,
			);
			name = Products;
			sourceTree = "<group>";
		};
		07434D9A1F0C1D61007E5502 /* MakeAPoll */ = {
			isa = PBXGroup;
			children = (
				07434D9B1F0C1D61007E5502 /* AppDelegate.swift */,
				B6C31DF81F0DDF7A00189B2E /* Supporting Files */,
				B6B68C841F0D492F00BFA56E /* View Controllers */,
				07434DAF1F0C3CBE007E5502 /* Storyboards */,
				07434DA21F0C1D61007E5502 /* Assets.xcassets */,
			);
			path = MakeAPoll;
			sourceTree = "<group>";
		};
		07434DAF1F0C3CBE007E5502 /* Storyboards */ = {
			isa = PBXGroup;
			children = (
				B6B68C941F0D680300BFA56E /* Main.storyboard */,
				B61A95E01F0DFC94008E6431 /* Login.storyboard */,
			);
			name = Storyboards;
			sourceTree = "<group>";
		};
		4EE7E888B12F38EEC771D91D /* Pods */ = {
			isa = PBXGroup;
			children = (
				2D0DC673A80A4260B48A4A3A /* Pods-MakeAPoll.debug.xcconfig */,
				6DA6B24DDBBBFCBB2F953C7B /* Pods-MakeAPoll.release.xcconfig */,
			);
			name = Pods;
			sourceTree = "<group>";
		};
		B4B1FC40D95EB00A1C7561C1 /* Frameworks */ = {
			isa = PBXGroup;
			children = (
				B61A95E21F0DFD5E008E6431 /* iAd.framework */,
				B61A95DE1F0DF396008E6431 /* AdSupport.framework */,
				181A630F3FF300CDF6C227F9 /* Pods_MakeAPoll.framework */,
			);
			name = Frameworks;
			sourceTree = "<group>";
		};
		B6B68C841F0D492F00BFA56E /* View Controllers */ = {
			isa = PBXGroup;
			children = (
				B61A95DA1F0DF0C1008E6431 /* ManageAccountViewController.swift */,
				B61A95DB1F0DF0C1008E6431 /* HomeViewController.swift */,
				B6B68CB61F0D953100BFA56E /* RealLoginViewController.swift */,
				07434D9D1F0C1D61007E5502 /* ViewController.swift */,
			);
			name = "View Controllers";
			path = ..;
			sourceTree = "<group>";
		};
		B6C31DF81F0DDF7A00189B2E /* Supporting Files */ = {
			isa = PBXGroup;
			children = (
				B6C31E011F0DEFDB00189B2E /* GoogleService-Info.plist */,
				07434DA71F0C1D61007E5502 /* Info.plist */,
				B6C31DF91F0DDFBB00189B2E /* LaunchScreen.storyboard */,
			);
			name = "Supporting Files";
			sourceTree = "<group>";
		};
/* End PBXGroup section */

/* Begin PBXNativeTarget section */
		07434D971F0C1D61007E5502 /* MakeAPoll */ = {
			isa = PBXNativeTarget;
			buildConfigurationList = 07434DAA1F0C1D61007E5502 /* Build configuration list for PBXNativeTarget "MakeAPoll" */;
			buildPhases = (
				DA7FD2E2686C8368DADFCE11 /* [CP] Check Pods Manifest.lock */,
				07434D941F0C1D61007E5502 /* Sources */,
				07434D951F0C1D61007E5502 /* Frameworks */,
				07434D961F0C1D61007E5502 /* Resources */,
				C60DFE198C4A98F6B5A3F3A6 /* [CP] Embed Pods Frameworks */,
				809F7F851AFBFDD813C876B6 /* [CP] Copy Pods Resources */,
			);
			buildRules = (
			);
			dependencies = (
			);
			name = MakeAPoll;
			productName = MakeAPoll;
			productReference = 07434D981F0C1D61007E5502 /* MakeAPoll.app */;
			productType = "com.apple.product-type.application";
		};
/* End PBXNativeTarget section */

/* Begin PBXProject section */
		07434D901F0C1D61007E5502 /* Project object */ = {
			isa = PBXProject;
			attributes = {
				LastSwiftUpdateCheck = 0830;
				LastUpgradeCheck = 0830;
				ORGANIZATIONNAME = "Make School";
				TargetAttributes = {
					07434D971F0C1D61007E5502 = {
						CreatedOnToolsVersion = 8.3.3;
						DevelopmentTeam = JFZQ9JUDD3;
						ProvisioningStyle = Automatic;
					};
				};
			};
			buildConfigurationList = 07434D931F0C1D61007E5502 /* Build configuration list for PBXProject "MakeAPoll" */;
			compatibilityVersion = "Xcode 3.2";
			developmentRegion = English;
			hasScannedForEncodings = 0;
			knownRegions = (
				en,
				Base,
			);
			mainGroup = 07434D8F1F0C1D61007E5502;
			productRefGroup = 07434D991F0C1D61007E5502 /* Products */;
			projectDirPath = "";
			projectRoot = "";
			targets = (
				07434D971F0C1D61007E5502 /* MakeAPoll */,
			);
		};
/* End PBXProject section */

/* Begin PBXResourcesBuildPhase section */
		07434D961F0C1D61007E5502 /* Resources */ = {
			isa = PBXResourcesBuildPhase;
			buildActionMask = 2147483647;
			files = (
				B61A95E11F0DFC94008E6431 /* Login.storyboard in Resources */,
				B6B68C951F0D680300BFA56E /* Main.storyboard in Resources */,
				B6C31E021F0DEFDB00189B2E /* GoogleService-Info.plist in Resources */,
				B6C31DFA1F0DDFBB00189B2E /* LaunchScreen.storyboard in Resources */,
				07434DA31F0C1D61007E5502 /* Assets.xcassets in Resources */,
			);
			runOnlyForDeploymentPostprocessing = 0;
		};
/* End PBXResourcesBuildPhase section */

/* Begin PBXShellScriptBuildPhase section */
		809F7F851AFBFDD813C876B6 /* [CP] Copy Pods Resources */ = {
			isa = PBXShellScriptBuildPhase;
			buildActionMask = 2147483647;
			files = (
			);
			inputPaths = (
			);
			name = "[CP] Copy Pods Resources";
			outputPaths = (
			);
			runOnlyForDeploymentPostprocessing = 0;
			shellPath = /bin/sh;
			shellScript = "\"${SRCROOT}/Pods/Target Support Files/Pods-MakeAPoll/Pods-MakeAPoll-resources.sh\"\n";
			showEnvVarsInLog = 0;
		};
		C60DFE198C4A98F6B5A3F3A6 /* [CP] Embed Pods Frameworks */ = {
			isa = PBXShellScriptBuildPhase;
			buildActionMask = 2147483647;
			files = (
			);
			inputPaths = (
			);
			name = "[CP] Embed Pods Frameworks";
			outputPaths = (
			);
			runOnlyForDeploymentPostprocessing = 0;
			shellPath = /bin/sh;
			shellScript = "\"${SRCROOT}/Pods/Target Support Files/Pods-MakeAPoll/Pods-MakeAPoll-frameworks.sh\"\n";
			showEnvVarsInLog = 0;
		};
		DA7FD2E2686C8368DADFCE11 /* [CP] Check Pods Manifest.lock */ = {
			isa = PBXShellScriptBuildPhase;
			buildActionMask = 2147483647;
			files = (
			);
			inputPaths = (
			);
			name = "[CP] Check Pods Manifest.lock";
			outputPaths = (
			);
			runOnlyForDeploymentPostprocessing = 0;
			shellPath = /bin/sh;
			shellScript = "diff \"${PODS_PODFILE_DIR_PATH}/Podfile.lock\" \"${PODS_ROOT}/Manifest.lock\" > /dev/null\nif [ $? != 0 ] ; then\n    # print error to STDERR\n    echo \"error: The sandbox is not in sync with the Podfile.lock. Run 'pod install' or update your CocoaPods installation.\" >&2\n    exit 1\nfi\n";
			showEnvVarsInLog = 0;
		};
/* End PBXShellScriptBuildPhase section */

/* Begin PBXSourcesBuildPhase section */
		07434D941F0C1D61007E5502 /* Sources */ = {
			isa = PBXSourcesBuildPhase;
			buildActionMask = 2147483647;
			files = (
				07434D9E1F0C1D61007E5502 /* ViewController.swift in Sources */,
				07434D9C1F0C1D61007E5502 /* AppDelegate.swift in Sources */,
				B6B68CB91F0D953100BFA56E /* RealLoginViewController.swift in Sources */,
				B61A95DD1F0DF0C1008E6431 /* HomeViewController.swift in Sources */,
				B61A95DC1F0DF0C1008E6431 /* ManageAccountViewController.swift in Sources */,
			);
			runOnlyForDeploymentPostprocessing = 0;
		};
/* End PBXSourcesBuildPhase section */

/* Begin XCBuildConfiguration section */
		07434DA81F0C1D61007E5502 /* Debug */ = {
			isa = XCBuildConfiguration;
			buildSettings = {
				ALWAYS_SEARCH_USER_PATHS = NO;
				CLANG_ANALYZER_NONNULL = YES;
				CLANG_ANALYZER_NUMBER_OBJECT_CONVERSION = YES_AGGRESSIVE;
				CLANG_CXX_LANGUAGE_STANDARD = "gnu++0x";
				CLANG_CXX_LIBRARY = "libc++";
				CLANG_ENABLE_MODULES = YES;
				CLANG_ENABLE_OBJC_ARC = YES;
				CLANG_WARN_BOOL_CONVERSION = YES;
				CLANG_WARN_CONSTANT_CONVERSION = YES;
				CLANG_WARN_DIRECT_OBJC_ISA_USAGE = YES_ERROR;
				CLANG_WARN_DOCUMENTATION_COMMENTS = YES;
				CLANG_WARN_EMPTY_BODY = YES;
				CLANG_WARN_ENUM_CONVERSION = YES;
				CLANG_WARN_INFINITE_RECURSION = YES;
				CLANG_WARN_INT_CONVERSION = YES;
				CLANG_WARN_OBJC_ROOT_CLASS = YES_ERROR;
				CLANG_WARN_SUSPICIOUS_MOVE = YES;
				CLANG_WARN_UNREACHABLE_CODE = YES;
				CLANG_WARN__DUPLICATE_METHOD_MATCH = YES;
				"CODE_SIGN_IDENTITY[sdk=iphoneos*]" = "iPhone Developer";
				COPY_PHASE_STRIP = NO;
				DEBUG_INFORMATION_FORMAT = dwarf;
				ENABLE_STRICT_OBJC_MSGSEND = YES;
				ENABLE_TESTABILITY = YES;
				GCC_C_LANGUAGE_STANDARD = gnu99;
				GCC_DYNAMIC_NO_PIC = NO;
				GCC_NO_COMMON_BLOCKS = YES;
				GCC_OPTIMIZATION_LEVEL = 0;
				GCC_PREPROCESSOR_DEFINITIONS = (
					"DEBUG=1",
					"$(inherited)",
				);
				GCC_WARN_64_TO_32_BIT_CONVERSION = YES;
				GCC_WARN_ABOUT_RETURN_TYPE = YES_ERROR;
				GCC_WARN_UNDECLARED_SELECTOR = YES;
				GCC_WARN_UNINITIALIZED_AUTOS = YES_AGGRESSIVE;
				GCC_WARN_UNUSED_FUNCTION = YES;
				GCC_WARN_UNUSED_VARIABLE = YES;
				IPHONEOS_DEPLOYMENT_TARGET = 10.3;
				MTL_ENABLE_DEBUG_INFO = YES;
				ONLY_ACTIVE_ARCH = YES;
				SDKROOT = iphoneos;
				SWIFT_ACTIVE_COMPILATION_CONDITIONS = DEBUG;
				SWIFT_OPTIMIZATION_LEVEL = "-Onone";
			};
			name = Debug;
		};
		07434DA91F0C1D61007E5502 /* Release */ = {
			isa = XCBuildConfiguration;
			buildSettings = {
				ALWAYS_SEARCH_USER_PATHS = NO;
				CLANG_ANALYZER_NONNULL = YES;
				CLANG_ANALYZER_NUMBER_OBJECT_CONVERSION = YES_AGGRESSIVE;
				CLANG_CXX_LANGUAGE_STANDARD = "gnu++0x";
				CLANG_CXX_LIBRARY = "libc++";
				CLANG_ENABLE_MODULES = YES;
				CLANG_ENABLE_OBJC_ARC = YES;
				CLANG_WARN_BOOL_CONVERSION = YES;
				CLANG_WARN_CONSTANT_CONVERSION = YES;
				CLANG_WARN_DIRECT_OBJC_ISA_USAGE = YES_ERROR;
				CLANG_WARN_DOCUMENTATION_COMMENTS = YES;
				CLANG_WARN_EMPTY_BODY = YES;
				CLANG_WARN_ENUM_CONVERSION = YES;
				CLANG_WARN_INFINITE_RECURSION = YES;
				CLANG_WARN_INT_CONVERSION = YES;
				CLANG_WARN_OBJC_ROOT_CLASS = YES_ERROR;
				CLANG_WARN_SUSPICIOUS_MOVE = YES;
				CLANG_WARN_UNREACHABLE_CODE = YES;
				CLANG_WARN__DUPLICATE_METHOD_MATCH = YES;
				"CODE_SIGN_IDENTITY[sdk=iphoneos*]" = "iPhone Developer";
				COPY_PHASE_STRIP = NO;
				DEBUG_INFORMATION_FORMAT = "dwarf-with-dsym";
				ENABLE_NS_ASSERTIONS = NO;
				ENABLE_STRICT_OBJC_MSGSEND = YES;
				GCC_C_LANGUAGE_STANDARD = gnu99;
				GCC_NO_COMMON_BLOCKS = YES;
				GCC_WARN_64_TO_32_BIT_CONVERSION = YES;
				GCC_WARN_ABOUT_RETURN_TYPE = YES_ERROR;
				GCC_WARN_UNDECLARED_SELECTOR = YES;
				GCC_WARN_UNINITIALIZED_AUTOS = YES_AGGRESSIVE;
				GCC_WARN_UNUSED_FUNCTION = YES;
				GCC_WARN_UNUSED_VARIABLE = YES;
				IPHONEOS_DEPLOYMENT_TARGET = 10.3;
				MTL_ENABLE_DEBUG_INFO = NO;
				SDKROOT = iphoneos;
				SWIFT_OPTIMIZATION_LEVEL = "-Owholemodule";
				VALIDATE_PRODUCT = YES;
			};
			name = Release;
		};
		07434DAB1F0C1D61007E5502 /* Debug */ = {
			isa = XCBuildConfiguration;
			baseConfigurationReference = 2D0DC673A80A4260B48A4A3A /* Pods-MakeAPoll.debug.xcconfig */;
			buildSettings = {
				ASSETCATALOG_COMPILER_APPICON_NAME = AppIcon;
				DEVELOPMENT_TEAM = JFZQ9JUDD3;
				INFOPLIST_FILE = MakeAPoll/Info.plist;
				LD_RUNPATH_SEARCH_PATHS = "$(inherited) @executable_path/Frameworks";
				PRODUCT_BUNDLE_IDENTIFIER = com.makeschool.MakeAPoll;
				PRODUCT_NAME = "$(TARGET_NAME)";
				SWIFT_VERSION = 3.0;
			};
			name = Debug;
		};
		07434DAC1F0C1D61007E5502 /* Release */ = {
			isa = XCBuildConfiguration;
			baseConfigurationReference = 6DA6B24DDBBBFCBB2F953C7B /* Pods-MakeAPoll.release.xcconfig */;
			buildSettings = {
				ASSETCATALOG_COMPILER_APPICON_NAME = AppIcon;
				DEVELOPMENT_TEAM = JFZQ9JUDD3;
				INFOPLIST_FILE = MakeAPoll/Info.plist;
				LD_RUNPATH_SEARCH_PATHS = "$(inherited) @executable_path/Frameworks";
				PRODUCT_BUNDLE_IDENTIFIER = com.makeschool.MakeAPoll;
				PRODUCT_NAME = "$(TARGET_NAME)";
				SWIFT_VERSION = 3.0;
			};
			name = Release;
		};
/* End XCBuildConfiguration section */

/* Begin XCConfigurationList section */
		07434D931F0C1D61007E5502 /* Build configuration list for PBXProject "MakeAPoll" */ = {
			isa = XCConfigurationList;
			buildConfigurations = (
				07434DA81F0C1D61007E5502 /* Debug */,
				07434DA91F0C1D61007E5502 /* Release */,
			);
			defaultConfigurationIsVisible = 0;
			defaultConfigurationName = Release;
		};
		07434DAA1F0C1D61007E5502 /* Build configuration list for PBXNativeTarget "MakeAPoll" */ = {
			isa = XCConfigurationList;
			buildConfigurations = (
				07434DAB1F0C1D61007E5502 /* Debug */,
				07434DAC1F0C1D61007E5502 /* Release */,
			);
			defaultConfigurationIsVisible = 0;
			defaultConfigurationName = Release;
		};
/* End XCConfigurationList section */
	};
	rootObject = 07434D901F0C1D61007E5502 /* Project object */;
}
